
Microsoft Visual Studio Solution File, Format Version 12.00
# Visual Studio 2013
VisualStudioVersion = 12.0.40629.0
MinimumVisualStudioVersion = 10.0.40219.1
Project("{2150E333-8FDC-42A3-9474-1A3956D46DE8}") = "Data", "Data", "{6EA144C4-235A-45C1-90B6-F27A0E4D85B0}"
EndProject
Project("{2150E333-8FDC-42A3-9474-1A3956D46DE8}") = "Repo", "Repo", "{DCE22696-B266-4FA3-9645-C4B2D9D9DF71}"
EndProject
Project("{2150E333-8FDC-42A3-9474-1A3956D46DE8}") = "Entities", "Entities", "{085CDA38-D56D-4619-BC16-AF3A185935CD}"
EndProject
Project("{FAE04EC0-301F-11D3-BF4B-00C04F79EFBC}") = "Models", "Models\Models.csproj", "{8C538BEB-EE6A-4739-8901-1D0D39031BE3}"
EndProject
Project("{FAE04EC0-301F-11D3-BF4B-00C04F79EFBC}") = "Inv.IRepo", "Inv.IRepo\Inv.IRepo.csproj", "{AD1DE3BC-C23A-4325-B511-E2784601BEC4}"
EndProject
Project("{FAE04EC0-301F-11D3-BF4B-00C04F79EFBC}") = "Inv.RepoImp", "Inv.RepoImp\Inv.RepoImp.csproj", "{A38AF4CD-24F4-4388-8676-DEB79D20D047}"
EndProject
Project("{FAE04EC0-301F-11D3-BF4B-00C04F79EFBC}") = "WebAPI", "WebAPI\WebAPI.csproj", "{655FBC36-30EE-4B1B-8FE8-2CE5064A1231}"
EndProject
Project("{FAE04EC0-301F-11D3-BF4B-00C04F79EFBC}") = "DataAccess", "DataAccess\DataAccess.csproj", "{56EFA36B-26D4-4098-97D9-DA28CF75588A}"
EndProject
Global
	GlobalSection(SolutionConfigurationPlatforms) = preSolution
		Debug|Any CPU = Debug|Any CPU
		Release|Any CPU = Release|Any CPU
	EndGlobalSection
	GlobalSection(ProjectConfigurationPlatforms) = postSolution
		{8C538BEB-EE6A-4739-8901-1D0D39031BE3}.Debug|Any CPU.ActiveCfg = Debug|Any CPU
		{8C538BEB-EE6A-4739-8901-1D0D39031BE3}.Debug|Any CPU.Build.0 = Debug|Any CPU
		{8C538BEB-EE6A-4739-8901-1D0D39031BE3}.Release|Any CPU.ActiveCfg = Release|Any CPU
		{8C538BEB-EE6A-4739-8901-1D0D39031BE3}.Release|Any CPU.Build.0 = Release|Any CPU
		{AD1DE3BC-C23A-4325-B511-E2784601BEC4}.Debug|Any CPU.ActiveCfg = Debug|Any CPU
		{AD1DE3BC-C23A-4325-B511-E2784601BEC4}.Debug|Any CPU.Build.0 = Debug|Any CPU
		{AD1DE3BC-C23A-4325-B511-E2784601BEC4}.Release|Any CPU.ActiveCfg = Release|Any CPU
		{AD1DE3BC-C23A-4325-B511-E2784601BEC4}.Release|Any CPU.Build.0 = Release|Any CPU
		{A38AF4CD-24F4-4388-8676-DEB79D20D047}.Debug|Any CPU.ActiveCfg = Debug|Any CPU
		{A38AF4CD-24F4-4388-8676-DEB79D20D047}.Debug|Any CPU.Build.0 = Debug|Any CPU
		{A38AF4CD-24F4-4388-8676-DEB79D20D047}.Release|Any CPU.ActiveCfg = Release|Any CPU
		{A38AF4CD-24F4-4388-8676-DEB79D20D047}.Release|Any CPU.Build.0 = Release|Any CPU
		{655FBC36-30EE-4B1B-8FE8-2CE5064A1231}.Debug|Any CPU.ActiveCfg = Debug|Any CPU
		{655FBC36-30EE-4B1B-8FE8-2CE5064A1231}.Debug|Any CPU.Build.0 = Debug|Any CPU
		{655FBC36-30EE-4B1B-8FE8-2CE5064A1231}.Release|Any CPU.ActiveCfg = Release|Any CPU
		{655FBC36-30EE-4B1B-8FE8-2CE5064A1231}.Release|Any CPU.Build.0 = Release|Any CPU
		{56EFA36B-26D4-4098-97D9-DA28CF75588A}.Debug|Any CPU.ActiveCfg = Debug|Any CPU
		{56EFA36B-26D4-4098-97D9-DA28CF75588A}.Debug|Any CPU.Build.0 = Debug|Any CPU
		{56EFA36B-26D4-4098-97D9-DA28CF75588A}.Release|Any CPU.ActiveCfg = Release|Any CPU
		{56EFA36B-26D4-4098-97D9-DA28CF75588A}.Release|Any CPU.Build.0 = Release|Any CPU
	EndGlobalSection
	GlobalSection(SolutionProperties) = preSolution
		HideSolutionNode = FALSE
	EndGlobalSection
	GlobalSection(NestedProjects) = preSolution
		{8C538BEB-EE6A-4739-8901-1D0D39031BE3} = {085CDA38-D56D-4619-BC16-AF3A185935CD}
		{AD1DE3BC-C23A-4325-B511-E2784601BEC4} = {DCE22696-B266-4FA3-9645-C4B2D9D9DF71}
		{A38AF4CD-24F4-4388-8676-DEB79D20D047} = {DCE22696-B266-4FA3-9645-C4B2D9D9DF71}
		{56EFA36B-26D4-4098-97D9-DA28CF75588A} = {6EA144C4-235A-45C1-90B6-F27A0E4D85B0}
	EndGlobalSection
EndGlobal
